{
  "name": "opkg",
  "version": "0.9.4",
  "lockfileVersion": 3,
  "requires": true,
  "packages": {
    "": {
      "name": "opkg",
      "version": "0.9.4",
      "license": "Apache-2.0",
      "dependencies": {
        "@clack/prompts": "^1.0.1",
        "commander": "^14.0.0",
        "fast-fuzzy": "^1.12.0",
        "fast-glob": "^3.3.3",
        "gray-matter": "^4.0.3",
        "hash-wasm": "^4.12.0",
        "js-yaml": "^4.1.0",
        "jsonc-parser": "^3.3.1",
        "jsonpath-plus": "^10.3.0",
        "junk": "^4.0.1",
        "minimatch": "^10.1.1",
        "nanoid": "^5.0.7",
        "ora": "^9.3.0",
        "prompts": "^2.4.2",
        "semver": "^7.7.2",
        "smol-toml": "^1.6.0",
        "tar": "^7.5.9"
      },
      "bin": {
        "openpackage": "bin/openpackage",
        "opkg": "bin/openpackage"
      },
      "devDependencies": {
        "@types/commander": "^2.12.0",
        "@types/js-yaml": "^4.0.9",
        "@types/jsonpath-plus": "^5.0.5",
        "@types/minimatch": "^5.1.2",
        "@types/node": "^24.3.1",
        "@types/prompts": "^2.4.9",
        "@types/semver": "^7.7.1",
        "@types/tar": "^6.1.0",
        "esbuild": "^0.25.0",
        "nodemon": "^3.1.10",
        "ts-node": "^10.9.2",
        "typescript": "^5.9.2"
      }
    },
    "node_modules/@clack/core": {
      "version": "1.0.1",
      "license": "MIT",
      "dependencies": {
        "picocolors": "^1.0.0",
        "sisteransi": "^1.0.5"
      }
    },
    "node_modules/@clack/prompts": {
      "version": "1.0.1",
      "license": "MIT",
      "dependencies": {
        "@clack/core": "1.0.1",
        "picocolors": "^1.0.0",
        "sisteransi": "^1.0.5"
      }
    },
    "node_modules/@cspotcode/source-map-support": {
      "version": "0.8.1",
      "dev": true,
      "license": "MIT",
      "dependencies": {
        "@jridgewell/trace-mapping": "0.3.9"
      },
      "engines": {
        "node": ">=12"
      }
    },
    "node_modules/@esbuild/darwin-arm64": {
      "version": "0.25.12",
      "cpu": [
        "arm64"
      ],
      "dev": true,
      "license": "MIT",
      "optional": true,
      "os": [
        "darwin"
      ],
      "engines": {
        "node": ">=18"
      }
    },
    "node_modules/@isaacs/fs-minipass": {
      "version": "4.0.1",
      "resolved": "https://registry.npmjs.org/@isaacs/fs-minipass/-/fs-minipass-4.0.1.tgz",
      "integrity": "sha512-wgm9Ehl2jpeqP3zw/7mo3kRHFp5MEDhqAdwy1fTGkHAwnkGOVsgpvQhL8B5n1qlb01jV3n/bI0ZfZp5lWA1k4w==",
      "license": "ISC",
      "dependencies": {
        "minipass": "^7.0.4"
      },
      "engines": {
        "node": ">=18.0.0"
      }
    },
    "node_modules/@isaacs/fs-minipass/node_modules/minipass": {
      "version": "7.1.3",
      "resolved": "https://registry.npmjs.org/minipass/-/minipass-7.1.3.tgz",
      "integrity": "sha512-tEBHqDnIoM/1rXME1zgka9g6Q2lcoCkxHLuc7ODJ5BxbP5d4c2Z5cGgtXAku59200Cx7diuHTOYfSBD8n6mm8A==",
      "license": "BlueOak-1.0.0",
      "engines": {
        "node": ">=16 || 14 >=14.17"
      }
    },
    "node_modules/@jridgewell/resolve-uri": {
      "version": "3.1.2",
      "dev": true,
      "license": "MIT",
      "engines": {
        "node": ">=6.0.0"
      }
    },
    "node_modules/@jridgewell/sourcemap-codec": {
      "version": "1.5.5",
      "dev": true,
      "license": "MIT"
    },
    "node_modules/@jridgewell/trace-mapping": {
      "version": "0.3.9",
      "dev": true,
      "license": "MIT",
      "dependencies": {
        "@jridgewell/resolve-uri": "^3.0.3",
        "@jridgewell/sourcemap-codec": "^1.4.10"
      }
    },
    "node_modules/@jsep-plugin/assignment": {
      "version": "1.3.0",
      "license": "MIT",
      "engines": {
        "node": ">= 10.16.0"
      },
      "peerDependencies": {
        "jsep": "^0.4.0||^1.0.0"
      }
    },
    "node_modules/@jsep-plugin/regex": {
      "version": "1.0.4",
      "license": "MIT",
      "engines": {
        "node": ">= 10.16.0"
      },
      "peerDependencies": {
        "jsep": "^0.4.0||^1.0.0"
      }
    },
    "node_modules/@nodelib/fs.scandir": {
      "version": "2.1.5",
      "license": "MIT",
      "dependencies": {
        "@nodelib/fs.stat": "2.0.5",
        "run-parallel": "^1.1.9"
      },
      "engines": {
        "node": ">= 8"
      }
    },
    "node_modules/@nodelib/fs.stat": {
      "version": "2.0.5",
      "license": "MIT",
      "engines": {
        "node": ">= 8"
      }
    },
    "node_modules/@nodelib/fs.walk": {
      "version": "1.2.8",
      "license": "MIT",
      "dependencies": {
        "@nodelib/fs.scandir": "2.1.5",
        "fastq": "^1.6.0"
      },
      "engines": {
        "node": ">= 8"
      }
    },
    "node_modules/@tsconfig/node10": {
      "version": "1.0.11",
      "dev": true,
      "license": "MIT"
    },
    "node_modules/@tsconfig/node12": {
      "version": "1.0.11",
      "dev": true,
      "license": "MIT"
    },
    "node_modules/@tsconfig/node14": {
      "version": "1.0.3",
      "dev": true,
      "license": "MIT"
    },
    "node_modules/@tsconfig/node16": {
      "version": "1.0.4",
      "dev": true,
      "license": "MIT"
    },
    "node_modules/@types/commander": {
      "version": "2.12.0",
      "dev": true,
      "license": "MIT",
      "dependencies": {
        "commander": "*"
      }
    },
    "node_modules/@types/js-yaml": {
      "version": "4.0.9",
      "dev": true,
      "license": "MIT"
    },
    "node_modules/@types/jsonpath-plus": {
      "version": "5.0.5",
      "dev": true,
      "license": "MIT"
    },
    "node_modules/@types/minimatch": {
      "version": "5.1.2",
      "dev": true,
      "license": "MIT"
    },
    "node_modules/@types/node": {
      "version": "24.3.1",
      "dev": true,
      "license": "MIT",
      "dependencies": {
        "undici-types": "~7.10.0"
      }
    },
    "node_modules/@types/prompts": {
      "version": "2.4.9",
      "resolved": "https://registry.npmjs.org/@types/prompts/-/prompts-2.4.9.tgz",
      "integrity": "sha512-qTxFi6Buiu8+50/+3DGIWLHM6QuWsEKugJnnP6iv2Mc4ncxE4A/OJkjuVOA+5X0X1S/nq5VJRa8Lu+nwcvbrKA==",
      "dev": true,
      "dependencies": {
        "@types/node": "*",
        "kleur": "^3.0.3"
      }
    },
    "node_modules/@types/semver": {
      "version": "7.7.1",
      "dev": true,
      "license": "MIT"
    },
    "node_modules/@types/tar": {
      "version": "6.1.13",
      "dev": true,
      "license": "MIT",
      "dependencies": {
        "@types/node": "*",
        "minipass": "^4.0.0"
      }
    },
    "node_modules/acorn": {
      "version": "8.15.0",
      "dev": true,
      "license": "MIT",
      "bin": {
        "acorn": "bin/acorn"
      },
      "engines": {
        "node": ">=0.4.0"
      }
    },
    "node_modules/acorn-walk": {
      "version": "8.3.4",
      "dev": true,
      "license": "MIT",
      "dependencies": {
        "acorn": "^8.11.0"
      },
      "engines": {
        "node": ">=0.4.0"
      }
    },
    "node_modules/ansi-regex": {
      "version": "6.2.2",
      "resolved": "https://registry.npmjs.org/ansi-regex/-/ansi-regex-6.2.2.tgz",
      "integrity": "sha512-Bq3SmSpyFHaWjPk8If9yc6svM8c56dB5BAtW4Qbw5jHTwwXXcTLoRMkpDJp6VL0XzlWaCHTXrkFURMYmD0sLqg==",
      "engines": {
        "node": ">=12"
      },
      "funding": {
        "url": "https://github.com/chalk/ansi-regex?sponsor=1"
      }
    },
    "node_modules/anymatch": {
      "version": "3.1.3",
      "dev": true,
      "license": "ISC",
      "dependencies": {
        "normalize-path": "^3.0.0",
        "picomatch": "^2.0.4"
      },
      "engines": {
        "node": ">= 8"
      }
    },
    "node_modules/arg": {
      "version": "4.1.3",
      "dev": true,
      "license": "MIT"
    },
    "node_modules/argparse": {
      "version": "2.0.1",
      "license": "Python-2.0"
    },
    "node_modules/balanced-match": {
      "version": "4.0.4",
      "resolved": "https://registry.npmjs.org/balanced-match/-/balanced-match-4.0.4.tgz",
      "integrity": "sha512-BLrgEcRTwX2o6gGxGOCNyMvGSp35YofuYzw9h1IMTRmKqttAZZVU67bdb9Pr2vUHA8+j3i2tJfjO6C6+4myGTA==",
      "license": "MIT",
      "engines": {
        "node": "18 || 20 || >=22"
      }
    },
    "node_modules/binary-extensions": {
      "version": "2.3.0",
      "dev": true,
      "license": "MIT",
      "engines": {
        "node": ">=8"
      },
      "funding": {
        "url": "https://github.com/sponsors/sindresorhus"
      }
    },
    "node_modules/brace-expansion": {
      "version": "5.0.3",
      "resolved": "https://registry.npmjs.org/brace-expansion/-/brace-expansion-5.0.3.tgz",
      "integrity": "sha512-fy6KJm2RawA5RcHkLa1z/ScpBeA762UF9KmZQxwIbDtRJrgLzM10depAiEQ+CXYcoiqW1/m96OAAoke2nE9EeA==",
      "license": "MIT",
      "dependencies": {
        "balanced-match": "^4.0.2"
      },
      "engines": {
        "node": "18 || 20 || >=22"
      }
    },
    "node_modules/braces": {
      "version": "3.0.3",
      "license": "MIT",
      "dependencies": {
        "fill-range": "^7.1.1"
      },
      "engines": {
        "node": ">=8"
      }
    },
    "node_modules/chalk": {
      "version": "5.6.2",
      "resolved": "https://registry.npmjs.org/chalk/-/chalk-5.6.2.tgz",
      "integrity": "sha512-7NzBL0rN6fMUW+f7A6Io4h40qQlG+xGmtMxfbnH/K7TAtt8JQWVQK+6g0UXKMeVJoyV5EkkNsErQ8pVD3bLHbA==",
      "engines": {
        "node": "^12.17.0 || ^14.13 || >=16.0.0"
      },
      "funding": {
        "url": "https://github.com/chalk/chalk?sponsor=1"
      }
    },
    "node_modules/chokidar": {
      "version": "3.6.0",
      "dev": true,
      "license": "MIT",
      "dependencies": {
        "anymatch": "~3.1.2",
        "braces": "~3.0.2",
        "glob-parent": "~5.1.2",
        "is-binary-path": "~2.1.0",
        "is-glob": "~4.0.1",
        "normalize-path": "~3.0.0",
        "readdirp": "~3.6.0"
      },
      "engines": {
        "node": ">= 8.10.0"
      },
      "funding": {
        "url": "https://paulmillr.com/funding/"
      },
      "optionalDependencies": {
        "fsevents": "~2.3.2"
      }
    },
    "node_modules/chownr": {
      "version": "3.0.0",
      "resolved": "https://registry.npmjs.org/chownr/-/chownr-3.0.0.tgz",
      "integrity": "sha512-+IxzY9BZOQd/XuYPRmrvEVjF/nqj5kgT4kEq7VofrDoM1MxoRjEWkrCC3EtLi59TVawxTAn+orJwFQcrqEN1+g==",
      "license": "BlueOak-1.0.0",
      "engines": {
        "node": ">=18"
      }
    },
    "node_modules/cli-cursor": {
      "version": "5.0.0",
      "resolved": "https://registry.npmjs.org/cli-cursor/-/cli-cursor-5.0.0.tgz",
      "integrity": "sha512-aCj4O5wKyszjMmDT4tZj93kxyydN/K5zPWSCe6/0AV/AA1pqe5ZBIw0a2ZfPQV7lL5/yb5HsUreJ6UFAF1tEQw==",
      "dependencies": {
        "restore-cursor": "^5.0.0"
      },
      "engines": {
        "node": ">=18"
      },
      "funding": {
        "url": "https://github.com/sponsors/sindresorhus"
      }
    },
    "node_modules/cli-spinners": {
      "version": "3.4.0",
      "resolved": "https://registry.npmjs.org/cli-spinners/-/cli-spinners-3.4.0.tgz",
      "integrity": "sha512-bXfOC4QcT1tKXGorxL3wbJm6XJPDqEnij2gQ2m7ESQuE+/z9YFIWnl/5RpTiKWbMq3EVKR4fRLJGn6DVfu0mpw==",
      "engines": {
        "node": ">=18.20"
      },
      "funding": {
        "url": "https://github.com/sponsors/sindresorhus"
      }
    },
    "node_modules/commander": {
      "version": "14.0.0",
      "license": "MIT",
      "engines": {
        "node": ">=20"
      }
    },
    "node_modules/create-require": {
      "version": "1.1.1",
      "dev": true,
      "license": "MIT"
    },
    "node_modules/debug": {
      "version": "4.4.1",
      "dev": true,
      "license": "MIT",
      "dependencies": {
        "ms": "^2.1.3"
      },
      "engines": {
        "node": ">=6.0"
      },
      "peerDependenciesMeta": {
        "supports-color": {
          "optional": true
        }
      }
    },
    "node_modules/diff": {
      "version": "4.0.4",
      "resolved": "https://registry.npmjs.org/diff/-/diff-4.0.4.tgz",
      "integrity": "sha512-X07nttJQkwkfKfvTPG/KSnE2OMdcUCao6+eXF3wmnIQRn2aPAHH3VxDbDOdegkd6JbPsXqShpvEOHfAT+nCNwQ==",
      "dev": true,
      "license": "BSD-3-Clause",
      "engines": {
        "node": ">=0.3.1"
      }
    },
    "node_modules/esbuild": {
      "version": "0.25.12",
      "dev": true,
      "hasInstallScript": true,
      "license": "MIT",
      "bin": {
        "esbuild": "bin/esbuild"
      },
      "engines": {
        "node": ">=18"
      },
      "optionalDependencies": {
        "@esbuild/aix-ppc64": "0.25.12",
        "@esbuild/android-arm": "0.25.12",
        "@esbuild/android-arm64": "0.25.12",
        "@esbuild/android-x64": "0.25.12",
        "@esbuild/darwin-arm64": "0.25.12",
        "@esbuild/darwin-x64": "0.25.12",
        "@esbuild/freebsd-arm64": "0.25.12",
        "@esbuild/freebsd-x64": "0.25.12",
        "@esbuild/linux-arm": "0.25.12",
        "@esbuild/linux-arm64": "0.25.12",
        "@esbuild/linux-ia32": "0.25.12",
        "@esbuild/linux-loong64": "0.25.12",
        "@esbuild/linux-mips64el": "0.25.12",
        "@esbuild/linux-ppc64": "0.25.12",
        "@esbuild/linux-riscv64": "0.25.12",
        "@esbuild/linux-s390x": "0.25.12",
        "@esbuild/linux-x64": "0.25.12",
        "@esbuild/netbsd-arm64": "0.25.12",
        "@esbuild/netbsd-x64": "0.25.12",
        "@esbuild/openbsd-arm64": "0.25.12",
        "@esbuild/openbsd-x64": "0.25.12",
        "@esbuild/openharmony-arm64": "0.25.12",
        "@esbuild/sunos-x64": "0.25.12",
        "@esbuild/win32-arm64": "0.25.12",
        "@esbuild/win32-ia32": "0.25.12",
        "@esbuild/win32-x64": "0.25.12"
      }
    },
    "node_modules/esprima": {
      "version": "4.0.1",
      "license": "BSD-2-Clause",
      "bin": {
        "esparse": "bin/esparse.js",
        "esvalidate": "bin/esvalidate.js"
      },
      "engines": {
        "node": ">=4"
      }
    },
    "node_modules/extend-shallow": {
      "version": "2.0.1",
      "license": "MIT",
      "dependencies": {
        "is-extendable": "^0.1.0"
      },
      "engines": {
        "node": ">=0.10.0"
      }
    },
    "node_modules/fast-fuzzy": {
      "version": "1.12.0",
      "license": "ISC",
      "dependencies": {
        "graphemesplit": "^2.4.1"
      }
    },
    "node_modules/fast-glob": {
      "version": "3.3.3",
      "license": "MIT",
      "dependencies": {
        "@nodelib/fs.stat": "^2.0.2",
        "@nodelib/fs.walk": "^1.2.3",
        "glob-parent": "^5.1.2",
        "merge2": "^1.3.0",
        "micromatch": "^4.0.8"
      },
      "engines": {
        "node": ">=8.6.0"
      }
    },
    "node_modules/fastq": {
      "version": "1.20.1",
      "license": "ISC",
      "dependencies": {
        "reusify": "^1.0.4"
      }
    },
    "node_modules/fill-range": {
      "version": "7.1.1",
      "license": "MIT",
      "dependencies": {
        "to-regex-range": "^5.0.1"
      },
      "engines": {
        "node": ">=8"
      }
    },
    "node_modules/fsevents": {
      "version": "2.3.3",
      "dev": true,
      "license": "MIT",
      "optional": true,
      "os": [
        "darwin"
      ],
      "engines": {
        "node": "^8.16.0 || ^10.6.0 || >=11.0.0"
      }
    },
    "node_modules/get-east-asian-width": {
      "version": "1.5.0",
      "resolved": "https://registry.npmjs.org/get-east-asian-width/-/get-east-asian-width-1.5.0.tgz",
      "integrity": "sha512-CQ+bEO+Tva/qlmw24dCejulK5pMzVnUOFOijVogd3KQs07HnRIgp8TGipvCCRT06xeYEbpbgwaCxglFyiuIcmA==",
      "engines": {
        "node": ">=18"
      },
      "funding": {
        "url": "https://github.com/sponsors/sindresorhus"
      }
    },
    "node_modules/glob-parent": {
      "version": "5.1.2",
      "license": "ISC",
      "dependencies": {
        "is-glob": "^4.0.1"
      },
      "engines": {
        "node": ">= 6"
      }
    },
    "node_modules/graphemesplit": {
      "version": "2.6.0",
      "license": "MIT",
      "dependencies": {
        "js-base64": "^3.6.0",
        "unicode-trie": "^2.0.0"
      }
    },
    "node_modules/gray-matter": {
      "version": "4.0.3",
      "license": "MIT",
      "dependencies": {
        "js-yaml": "^3.13.1",
        "kind-of": "^6.0.2",
        "section-matter": "^1.0.0",
        "strip-bom-string": "^1.0.0"
      },
      "engines": {
        "node": ">=6.0"
      }
    },
    "node_modules/gray-matter/node_modules/argparse": {
      "version": "1.0.10",
      "license": "MIT",
      "dependencies": {
        "sprintf-js": "~1.0.2"
      }
    },
    "node_modules/gray-matter/node_modules/js-yaml": {
      "version": "3.14.2",
      "resolved": "https://registry.npmjs.org/js-yaml/-/js-yaml-3.14.2.tgz",
      "integrity": "sha512-PMSmkqxr106Xa156c2M265Z+FTrPl+oxd/rgOQy2tijQeK5TxQ43psO1ZCwhVOSdnn+RzkzlRz/eY4BgJBYVpg==",
      "license": "MIT",
      "dependencies": {
        "argparse": "^1.0.7",
        "esprima": "^4.0.0"
      },
      "bin": {
        "js-yaml": "bin/js-yaml.js"
      }
    },
    "node_modules/has-flag": {
      "version": "3.0.0",
      "dev": true,
      "license": "MIT",
      "engines": {
        "node": ">=4"
      }
    },
    "node_modules/hash-wasm": {
      "version": "4.12.0",
      "license": "MIT"
    },
    "node_modules/ignore-by-default": {
      "version": "1.0.1",
      "dev": true,
      "license": "ISC"
    },
    "node_modules/is-binary-path": {
      "version": "2.1.0",
      "dev": true,
      "license": "MIT",
      "dependencies": {
        "binary-extensions": "^2.0.0"
      },
      "engines": {
        "node": ">=8"
      }
    },
    "node_modules/is-extendable": {
      "version": "0.1.1",
      "license": "MIT",
      "engines": {
        "node": ">=0.10.0"
      }
    },
    "node_modules/is-extglob": {
      "version": "2.1.1",
      "license": "MIT",
      "engines": {
        "node": ">=0.10.0"
      }
    },
    "node_modules/is-glob": {
      "version": "4.0.3",
      "license": "MIT",
      "dependencies": {
        "is-extglob": "^2.1.1"
      },
      "engines": {
        "node": ">=0.10.0"
      }
    },
    "node_modules/is-interactive": {
      "version": "2.0.0",
      "resolved": "https://registry.npmjs.org/is-interactive/-/is-interactive-2.0.0.tgz",
      "integrity": "sha512-qP1vozQRI+BMOPcjFzrjXuQvdak2pHNUMZoeG2eRbiSqyvbEf/wQtEOTOX1guk6E3t36RkaqiSt8A/6YElNxLQ==",
      "engines": {
        "node": ">=12"
      },
      "funding": {
        "url": "https://github.com/sponsors/sindresorhus"
      }
    },
    "node_modules/is-number": {
      "version": "7.0.0",
      "license": "MIT",
      "engines": {
        "node": ">=0.12.0"
      }
    },
    "node_modules/is-unicode-supported": {
      "version": "2.1.0",
      "resolved": "https://registry.npmjs.org/is-unicode-supported/-/is-unicode-supported-2.1.0.tgz",
      "integrity": "sha512-mE00Gnza5EEB3Ds0HfMyllZzbBrmLOX3vfWoj9A9PEnTfratQ/BcaJOuMhnkhjXvb2+FkY3VuHqtAGpTPmglFQ==",
      "engines": {
        "node": ">=18"
      },
      "funding": {
        "url": "https://github.com/sponsors/sindresorhus"
      }
    },
    "node_modules/js-base64": {
      "version": "3.7.8",
      "license": "BSD-3-Clause"
    },
    "node_modules/js-yaml": {
      "version": "4.1.1",
      "resolved": "https://registry.npmjs.org/js-yaml/-/js-yaml-4.1.1.tgz",
      "integrity": "sha512-qQKT4zQxXl8lLwBtHMWwaTcGfFOZviOJet3Oy/xmGk2gZH677CJM9EvtfdSkgWcATZhj/55JZ0rmy3myCT5lsA==",
      "license": "MIT",
      "dependencies": {
        "argparse": "^2.0.1"
      },
      "bin": {
        "js-yaml": "bin/js-yaml.js"
      }
    },
    "node_modules/jsep": {
      "version": "1.4.0",
      "license": "MIT",
      "engines": {
        "node": ">= 10.16.0"
      }
    },
    "node_modules/jsonc-parser": {
      "version": "3.3.1",
      "license": "MIT"
    },
    "node_modules/jsonpath-plus": {
      "version": "10.3.0",
      "license": "MIT",
      "dependencies": {
        "@jsep-plugin/assignment": "^1.3.0",
        "@jsep-plugin/regex": "^1.0.4",
        "jsep": "^1.4.0"
      },
      "bin": {
        "jsonpath": "bin/jsonpath-cli.js",
        "jsonpath-plus": "bin/jsonpath-cli.js"
      },
      "engines": {
        "node": ">=18.0.0"
      }
    },
    "node_modules/junk": {
      "version": "4.0.1",
      "license": "MIT",
      "engines": {
        "node": ">=12.20"
      },
      "funding": {
        "url": "https://github.com/sponsors/sindresorhus"
      }
    },
    "node_modules/kind-of": {
      "version": "6.0.3",
      "license": "MIT",
      "engines": {
        "node": ">=0.10.0"
      }
    },
    "node_modules/kleur": {
      "version": "3.0.3",
      "resolved": "https://registry.npmjs.org/kleur/-/kleur-3.0.3.tgz",
      "integrity": "sha512-eTIzlVOSUR+JxdDFepEYcBMtZ9Qqdef+rnzWdRZuMbOywu5tO2w2N7rqjoANZ5k9vywhL6Br1VRjUIgTQx4E8w==",
      "engines": {
        "node": ">=6"
      }
    },
    "node_modules/log-symbols": {
      "version": "7.0.1",
      "resolved": "https://registry.npmjs.org/log-symbols/-/log-symbols-7.0.1.tgz",
      "integrity": "sha512-ja1E3yCr9i/0hmBVaM0bfwDjnGy8I/s6PP4DFp+yP+a+mrHO4Rm7DtmnqROTUkHIkqffC84YY7AeqX6oFk0WFg==",
      "dependencies": {
        "is-unicode-supported": "^2.0.0",
        "yoctocolors": "^2.1.1"
      },
      "engines": {
        "node": ">=18"
      },
      "funding": {
        "url": "https://github.com/sponsors/sindresorhus"
      }
    },
    "node_modules/make-error": {
      "version": "1.3.6",
      "dev": true,
      "license": "ISC"
    },
    "node_modules/merge2": {
      "version": "1.4.1",
      "license": "MIT",
      "engines": {
        "node": ">= 8"
      }
    },
    "node_modules/micromatch": {
      "version": "4.0.8",
      "license": "MIT",
      "dependencies": {
        "braces": "^3.0.3",
        "picomatch": "^2.3.1"
      },
      "engines": {
        "node": ">=8.6"
      }
    },
    "node_modules/mimic-function": {
      "version": "5.0.1",
      "resolved": "https://registry.npmjs.org/mimic-function/-/mimic-function-5.0.1.tgz",
      "integrity": "sha512-VP79XUPxV2CigYP3jWwAUFSku2aKqBH7uTAapFWCBqutsbmDo96KY5o8uh6U+/YSIn5OxJnXp73beVkpqMIGhA==",
      "engines": {
        "node": ">=18"
      },
      "funding": {
        "url": "https://github.com/sponsors/sindresorhus"
      }
    },
    "node_modules/minimatch": {
      "version": "10.2.2",
      "resolved": "https://registry.npmjs.org/minimatch/-/minimatch-10.2.2.tgz",
      "integrity": "sha512-+G4CpNBxa5MprY+04MbgOw1v7So6n5JY166pFi9KfYwT78fxScCeSNQSNzp6dpPSW2rONOps6Ocam1wFhCgoVw==",
      "license": "BlueOak-1.0.0",
      "dependencies": {
        "brace-expansion": "^5.0.2"
      },
      "engines": {
        "node": "18 || 20 || >=22"
      },
      "funding": {
        "url": "https://github.com/sponsors/isaacs"
      }
    },
    "node_modules/minipass": {
      "version": "4.2.8",
      "dev": true,
      "license": "ISC",
      "engines": {
        "node": ">=8"
      }
    },
    "node_modules/minizlib": {
      "version": "3.1.0",
      "resolved": "https://registry.npmjs.org/minizlib/-/minizlib-3.1.0.tgz",
      "integrity": "sha512-KZxYo1BUkWD2TVFLr0MQoM8vUUigWD3LlD83a/75BqC+4qE0Hb1Vo5v1FgcfaNXvfXzr+5EhQ6ing/CaBijTlw==",
      "license": "MIT",
      "dependencies": {
        "minipass": "^7.1.2"
      },
      "engines": {
        "node": ">= 18"
      }
    },
    "node_modules/minizlib/node_modules/minipass": {
      "version": "7.1.3",
      "resolved": "https://registry.npmjs.org/minipass/-/minipass-7.1.3.tgz",
      "integrity": "sha512-tEBHqDnIoM/1rXME1zgka9g6Q2lcoCkxHLuc7ODJ5BxbP5d4c2Z5cGgtXAku59200Cx7diuHTOYfSBD8n6mm8A==",
      "license": "BlueOak-1.0.0",
      "engines": {
        "node": ">=16 || 14 >=14.17"
      }
    },
    "node_modules/ms": {
      "version": "2.1.3",
      "dev": true,
      "license": "MIT"
    },
    "node_modules/nanoid": {
      "version": "5.1.6",
      "funding": [
        {
          "type": "github",
          "url": "https://github.com/sponsors/ai"
        }
      ],
      "license": "MIT",
      "bin": {
        "nanoid": "bin/nanoid.js"
      },
      "engines": {
        "node": "^18 || >=20"
      }
    },
    "node_modules/nodemon": {
      "version": "3.1.14",
      "resolved": "https://registry.npmjs.org/nodemon/-/nodemon-3.1.14.tgz",
      "integrity": "sha512-jakjZi93UtB3jHMWsXL68FXSAosbLfY0In5gtKq3niLSkrWznrVBzXFNOEMJUfc9+Ke7SHWoAZsiMkNP3vq6Jw==",
      "dev": true,
      "license": "MIT",
      "dependencies": {
        "chokidar": "^3.5.2",
        "debug": "^4",
        "ignore-by-default": "^1.0.1",
        "minimatch": "^10.2.1",
        "pstree.remy": "^1.1.8",
        "semver": "^7.5.3",
        "simple-update-notifier": "^2.0.0",
        "supports-color": "^5.5.0",
        "touch": "^3.1.0",
        "undefsafe": "^2.0.5"
      },
      "bin": {
        "nodemon": "bin/nodemon.js"
      },
      "engines": {
        "node": ">=10"
      },
      "funding": {
        "type": "opencollective",
        "url": "https://opencollective.com/nodemon"
      }
    },
    "node_modules/normalize-path": {
      "version": "3.0.0",
      "dev": true,
      "license": "MIT",
      "engines": {
        "node": ">=0.10.0"
      }
    },
    "node_modules/onetime": {
      "version": "7.0.0",
      "resolved": "https://registry.npmjs.org/onetime/-/onetime-7.0.0.tgz",
      "integrity": "sha512-VXJjc87FScF88uafS3JllDgvAm+c/Slfz06lorj2uAY34rlUu0Nt+v8wreiImcrgAjjIHp1rXpTDlLOGw29WwQ==",
      "dependencies": {
        "mimic-function": "^5.0.0"
      },
      "engines": {
        "node": ">=18"
      },
      "funding": {
        "url": "https://github.com/sponsors/sindresorhus"
      }
    },
    "node_modules/ora": {
      "version": "9.3.0",
      "resolved": "https://registry.npmjs.org/ora/-/ora-9.3.0.tgz",
      "integrity": "sha512-lBX72MWFduWEf7v7uWf5DHp9Jn5BI8bNPGuFgtXMmr2uDz2Gz2749y3am3agSDdkhHPHYmmxEGSKH85ZLGzgXw==",
      "dependencies": {
        "chalk": "^5.6.2",
        "cli-cursor": "^5.0.0",
        "cli-spinners": "^3.2.0",
        "is-interactive": "^2.0.0",
        "is-unicode-supported": "^2.1.0",
        "log-symbols": "^7.0.1",
        "stdin-discarder": "^0.3.1",
        "string-width": "^8.1.0"
      },
      "engines": {
        "node": ">=20"
      },
      "funding": {
        "url": "https://github.com/sponsors/sindresorhus"
      }
    },
    "node_modules/pako": {
      "version": "0.2.9",
      "license": "MIT"
    },
    "node_modules/picocolors": {
      "version": "1.1.1",
      "license": "ISC"
    },
    "node_modules/picomatch": {
      "version": "2.3.1",
      "license": "MIT",
      "engines": {
        "node": ">=8.6"
      },
      "funding": {
        "url": "https://github.com/sponsors/jonschlinkert"
      }
    },
    "node_modules/prompts": {
      "version": "2.4.2",
      "resolved": "https://registry.npmjs.org/prompts/-/prompts-2.4.2.tgz",
      "integrity": "sha512-NxNv/kLguCA7p3jE8oL2aEBsrJWgAakBpgmgK6lpPWV+WuOmY6r2/zbAVnP+T8bQlA0nzHXSJSJW0Hq7ylaD2Q==",
      "dependencies": {
        "kleur": "^3.0.3",
        "sisteransi": "^1.0.5"
      },
      "engines": {
        "node": ">= 6"
      }
    },
    "node_modules/pstree.remy": {
      "version": "1.1.8",
      "dev": true,
      "license": "MIT"
    },
    "node_modules/queue-microtask": {
      "version": "1.2.3",
      "funding": [
        {
          "type": "github",
          "url": "https://github.com/sponsors/feross"
        },
        {
          "type": "patreon",
          "url": "https://www.patreon.com/feross"
        },
        {
          "type": "consulting",
          "url": "https://feross.org/support"
        }
      ],
      "license": "MIT"
    },
    "node_modules/readdirp": {
      "version": "3.6.0",
      "dev": true,
      "license": "MIT",
      "dependencies": {
        "picomatch": "^2.2.1"
      },
      "engines": {
        "node": ">=8.10.0"
      }
    },
    "node_modules/restore-cursor": {
      "version": "5.1.0",
      "resolved": "https://registry.npmjs.org/restore-cursor/-/restore-cursor-5.1.0.tgz",
      "integrity": "sha512-oMA2dcrw6u0YfxJQXm342bFKX/E4sG9rbTzO9ptUcR/e8A33cHuvStiYOwH7fszkZlZ1z/ta9AAoPk2F4qIOHA==",
      "dependencies": {
        "onetime": "^7.0.0",
        "signal-exit": "^4.1.0"
      },
      "engines": {
        "node": ">=18"
      },
      "funding": {
        "url": "https://github.com/sponsors/sindresorhus"
      }
    },
    "node_modules/reusify": {
      "version": "1.1.0",
      "license": "MIT",
      "engines": {
        "iojs": ">=1.0.0",
        "node": ">=0.10.0"
      }
    },
    "node_modules/run-parallel": {
      "version": "1.2.0",
      "funding": [
        {
          "type": "github",
          "url": "https://github.com/sponsors/feross"
        },
        {
          "type": "patreon",
          "url": "https://www.patreon.com/feross"
        },
        {
          "type": "consulting",
          "url": "https://feross.org/support"
        }
      ],
      "license": "MIT",
      "dependencies": {
        "queue-microtask": "^1.2.2"
      }
    },
    "node_modules/section-matter": {
      "version": "1.0.0",
      "license": "MIT",
      "dependencies": {
        "extend-shallow": "^2.0.1",
        "kind-of": "^6.0.0"
      },
      "engines": {
        "node": ">=4"
      }
    },
    "node_modules/semver": {
      "version": "7.7.2",
      "license": "ISC",
      "bin": {
        "semver": "bin/semver.js"
      },
      "engines": {
        "node": ">=10"
      }
    },
    "node_modules/signal-exit": {
      "version": "4.1.0",
      "resolved": "https://registry.npmjs.org/signal-exit/-/signal-exit-4.1.0.tgz",
      "integrity": "sha512-bzyZ1e88w9O1iNJbKnOlvYTrWPDl46O1bG0D3XInv+9tkPrxrN8jUUTiFlDkkmKWgn1M6CfIA13SuGqOa9Korw==",
      "engines": {
        "node": ">=14"
      },
      "funding": {
        "url": "https://github.com/sponsors/isaacs"
      }
    },
    "node_modules/simple-update-notifier": {
      "version": "2.0.0",
      "dev": true,
      "license": "MIT",
      "dependencies": {
        "semver": "^7.5.3"
      },
      "engines": {
        "node": ">=10"
      }
    },
    "node_modules/sisteransi": {
      "version": "1.0.5",
      "license": "MIT"
    },
    "node_modules/smol-toml": {
      "version": "1.6.0",
      "license": "BSD-3-Clause",
      "engines": {
        "node": ">= 18"
      },
      "funding": {
        "url": "https://github.com/sponsors/cyyynthia"
      }
    },
    "node_modules/sprintf-js": {
      "version": "1.0.3",
      "license": "BSD-3-Clause"
    },
    "node_modules/stdin-discarder": {
      "version": "0.3.1",
      "resolved": "https://registry.npmjs.org/stdin-discarder/-/stdin-discarder-0.3.1.tgz",
      "integrity": "sha512-reExS1kSGoElkextOcPkel4NE99S0BWxjUHQeDFnR8S993JxpPX7KU4MNmO19NXhlJp+8dmdCbKQVNgLJh2teA==",
      "engines": {
        "node": ">=18"
      },
      "funding": {
        "url": "https://github.com/sponsors/sindresorhus"
      }
    },
    "node_modules/string-width": {
      "version": "8.2.0",
      "resolved": "https://registry.npmjs.org/string-width/-/string-width-8.2.0.tgz",
      "integrity": "sha512-6hJPQ8N0V0P3SNmP6h2J99RLuzrWz2gvT7VnK5tKvrNqJoyS9W4/Fb8mo31UiPvy00z7DQXkP2hnKBVav76thw==",
      "dependencies": {
        "get-east-asian-width": "^1.5.0",
        "strip-ansi": "^7.1.2"
      },
      "engines": {
        "node": ">=20"
      },
      "funding": {
        "url": "https://github.com/sponsors/sindresorhus"
      }
    },
    "node_modules/strip-ansi": {
      "version": "7.1.2",
      "resolved": "https://registry.npmjs.org/strip-ansi/-/strip-ansi-7.1.2.tgz",
      "integrity": "sha512-gmBGslpoQJtgnMAvOVqGZpEz9dyoKTCzy2nfz/n8aIFhN/jCE/rCmcxabB6jOOHV+0WNnylOxaxBQPSvcWklhA==",
      "dependencies": {
        "ansi-regex": "^6.0.1"
      },
      "engines": {
        "node": ">=12"
      },
      "funding": {
        "url": "https://github.com/chalk/strip-ansi?sponsor=1"
      }
    },
    "node_modules/strip-bom-string": {
      "version": "1.0.0",
      "license": "MIT",
      "engines": {
        "node": ">=0.10.0"
      }
    },
    "node_modules/supports-color": {
      "version": "5.5.0",
      "dev": true,
      "license": "MIT",
      "dependencies": {
        "has-flag": "^3.0.0"
      },
      "engines": {
        "node": ">=4"
      }
    },
    "node_modules/tar": {
      "version": "7.5.9",
      "resolved": "https://registry.npmjs.org/tar/-/tar-7.5.9.tgz",
      "integrity": "sha512-BTLcK0xsDh2+PUe9F6c2TlRp4zOOBMTkoQHQIWSIzI0R7KG46uEwq4OPk2W7bZcprBMsuaeFsqwYr7pjh6CuHg==",
      "license": "BlueOak-1.0.0",
      "dependencies": {
        "@isaacs/fs-minipass": "^4.0.0",
        "chownr": "^3.0.0",
        "minipass": "^7.1.2",
        "minizlib": "^3.1.0",
        "yallist": "^5.0.0"
      },
      "engines": {
        "node": ">=18"
      }
    },
    "node_modules/tar/node_modules/minipass": {
      "version": "7.1.3",
      "resolved": "https://registry.npmjs.org/minipass/-/minipass-7.1.3.tgz",
      "integrity": "sha512-tEBHqDnIoM/1rXME1zgka9g6Q2lcoCkxHLuc7ODJ5BxbP5d4c2Z5cGgtXAku59200Cx7diuHTOYfSBD8n6mm8A==",
      "license": "BlueOak-1.0.0",
      "engines": {
        "node": ">=16 || 14 >=14.17"
      }
    },
    "node_modules/tiny-inflate": {
      "version": "1.0.3",
      "license": "MIT"
    },
    "node_modules/to-regex-range": {
      "version": "5.0.1",
      "license": "MIT",
      "dependencies": {
        "is-number": "^7.0.0"
      },
      "engines": {
        "node": ">=8.0"
      }
    },
    "node_modules/touch": {
      "version": "3.1.1",
      "dev": true,
      "license": "ISC",
      "bin": {
        "nodetouch": "bin/nodetouch.js"
      }
    },
    "node_modules/ts-node": {
      "version": "10.9.2",
      "dev": true,
      "license": "MIT",
      "dependencies": {
        "@cspotcode/source-map-support": "^0.8.0",
        "@tsconfig/node10": "^1.0.7",
        "@tsconfig/node12": "^1.0.7",
        "@tsconfig/node14": "^1.0.0",
        "@tsconfig/node16": "^1.0.2",
        "acorn": "^8.4.1",
        "acorn-walk": "^8.1.1",
        "arg": "^4.1.0",
        "create-require": "^1.1.0",
        "diff": "^4.0.1",
        "make-error": "^1.1.1",
        "v8-compile-cache-lib": "^3.0.1",
        "yn": "3.1.1"
      },
      "bin": {
        "ts-node": "dist/bin.js",
        "ts-node-cwd": "dist/bin-cwd.js",
        "ts-node-esm": "dist/bin-esm.js",
        "ts-node-script": "dist/bin-script.js",
        "ts-node-transpile-only": "dist/bin-transpile.js",
        "ts-script": "dist/bin-script-deprecated.js"
      },
      "peerDependencies": {
        "@swc/core": ">=1.2.50",
        "@swc/wasm": ">=1.2.50",
        "@types/node": "*",
        "typescript": ">=2.7"
      },
      "peerDependenciesMeta": {
        "@swc/core": {
          "optional": true
        },
        "@swc/wasm": {
          "optional": true
        }
      }
    },
    "node_modules/typescript": {
      "version": "5.9.2",
      "dev": true,
      "license": "Apache-2.0",
      "bin": {
        "tsc": "bin/tsc",
        "tsserver": "bin/tsserver"
      },
      "engines": {
        "node": ">=14.17"
      }
    },
    "node_modules/undefsafe": {
      "version": "2.0.5",
      "dev": true,
      "license": "MIT"
    },
    "node_modules/undici-types": {
      "version": "7.10.0",
      "dev": true,
      "license": "MIT"
    },
    "node_modules/unicode-trie": {
      "version": "2.0.0",
      "license": "MIT",
      "dependencies": {
        "pako": "^0.2.5",
        "tiny-inflate": "^1.0.0"
      }
    },
    "node_modules/v8-compile-cache-lib": {
      "version": "3.0.1",
      "dev": true,
      "license": "MIT"
    },
    "node_modules/yallist": {
      "version": "5.0.0",
      "resolved": "https://registry.npmjs.org/yallist/-/yallist-5.0.0.tgz",
      "integrity": "sha512-YgvUTfwqyc7UXVMrB+SImsVYSmTS8X/tSrtdNZMImM+n7+QTriRXyXim0mBrTXNeqzVF0KWGgHPeiyViFFrNDw==",
      "license": "BlueOak-1.0.0",
      "engines": {
        "node": ">=18"
      }
    },
    "node_modules/yn": {
      "version": "3.1.1",
      "dev": true,
      "license": "MIT",
      "engines": {
        "node": ">=6"
      }
    },
    "node_modules/yoctocolors": {
      "version": "2.1.2",
      "resolved": "https://registry.npmjs.org/yoctocolors/-/yoctocolors-2.1.2.tgz",
      "integrity": "sha512-CzhO+pFNo8ajLM2d2IW/R93ipy99LWjtwblvC1RsoSUMZgyLbYFr221TnSNT7GjGdYui6P459mw9JH/g/zW2ug==",
      "engines": {
        "node": ">=18"
      },
      "funding": {
        "url": "https://github.com/sponsors/sindresorhus"
      }
    },
    "packages/cli": {
      "name": "opkg",
      "version": "0.9.0",
      "extraneous": true,
      "license": "Apache-2.0",
      "dependencies": {
        "@clack/core": "^1.0.0",
        "@clack/prompts": "^1.0.1",
        "@opkg/core": "*",
        "commander": "^14.0.0",
        "fast-fuzzy": "^1.12.0",
        "picocolors": "^1.1.0"
      },
      "bin": {
        "openpackage": "bin/openpackage",
        "opkg": "bin/openpackage"
      },
      "devDependencies": {
        "@types/commander": "^2.12.0",
        "@types/node": "^24.3.1",
        "esbuild": "^0.25.0",
        "typescript": "^5.9.2"
      }
    },
    "packages/core": {
      "name": "@opkg/core",
      "version": "0.9.0",
      "extraneous": true,
      "license": "Apache-2.0",
      "dependencies": {
        "fast-glob": "^3.3.3",
        "gray-matter": "^4.0.3",
        "hash-wasm": "^4.12.0",
        "js-yaml": "^4.1.0",
        "jsonc-parser": "^3.3.1",
        "jsonpath-plus": "^10.3.0",
        "junk": "^4.0.1",
        "minimatch": "^10.1.1",
        "nanoid": "^5.0.7",
        "semver": "^7.7.2",
        "smol-toml": "^1.6.0",
        "tar": "^7.5.9"
      },
      "devDependencies": {
        "@types/js-yaml": "^4.0.9",
        "@types/jsonpath-plus": "^5.0.5",
        "@types/minimatch": "^5.1.2",
        "@types/node": "^24.3.1",
        "@types/semver": "^7.7.1",
        "@types/tar": "^6.1.0",
        "typescript": "^5.9.2"
      }
    },
    "packages/gui": {
      "name": "@opkg/gui",
      "version": "0.1.0",
      "extraneous": true,
      "license": "Apache-2.0",
      "dependencies": {
        "@opkg/core": "*",
        "@tauri-apps/api": "^2.0.0"
      },
      "devDependencies": {
        "@tauri-apps/cli": "^2.0.0",
        "typescript": "^5.9.2",
        "vite": "^6.0.0"
      }
    }
  }
}
